
Microsoft Visual Studio Solution File, Format Version 12.00
# Visual Studio 15
VisualStudioVersion = 15.0.28307.421
MinimumVisualStudioVersion = 10.0.40219.1
Project("{8BC9CEB8-8B4A-11D0-8D11-00A0C91BC942}") = "非打印字符", "非打印字符\非打印字符.vcxproj", "{A1C73273-84CA-433E-8FD6-ABBCB932DFAA}"
EndProject
Global
	GlobalSection(SolutionConfigurationPlatforms) = preSolution
		Debug|x64 = Debug|x64
		Debug|x86 = Debug|x86
		Release|x64 = Release|x64
		Release|x86 = Release|x86
	EndGlobalSection
	GlobalSection(ProjectConfigurationPlatforms) = postSolution
		{A1C73273-84CA-433E-8FD6-ABBCB932DFAA}.Debug|x64.ActiveCfg = Debug|x64
		{A1C73273-84CA-433E-8FD6-ABBCB932DFAA}.Debug|x64.Build.0 = Debug|x64
		{A1C73273-84CA-433E-8FD6-ABBCB932DFAA}.Debug|x86.ActiveCfg = Debug|Win32
		{A1C73273-84CA-433E-8FD6-ABBCB932DFAA}.Debug|x86.Build.0 = Debug|Win32
		{A1C73273-84CA-433E-8FD6-ABBCB932DFAA}.Release|x64.ActiveCfg = Release|x64
		{A1C73273-84CA-433E-8FD6-ABBCB932DFAA}.Release|x64.Build.0 = Release|x64
		{A1C73273-84CA-433E-8FD6-ABBCB932DFAA}.Release|x86.ActiveCfg = Release|Win32
		{A1C73273-84CA-433E-8FD6-ABBCB932DFAA}.Release|x86.Build.0 = Release|Win32
	EndGlobalSection
	GlobalSection(SolutionProperties) = preSolution
		HideSolutionNode = FALSE
	EndGlobalSection
	GlobalSection(ExtensibilityGlobals) = postSolution
		SolutionGuid = {1D601F9F-0068-47FA-AF4B-553B9B0A8FD8}
	EndGlobalSection
EndGlobal
