
Microsoft Visual Studio Solution File, Format Version 12.00
# Visual Studio 15
VisualStudioVersion = 15.0.28307.421
MinimumVisualStudioVersion = 10.0.40219.1
Project("{8BC9CEB8-8B4A-11D0-8D11-00A0C91BC942}") = "5.11_1（待完善）", "5.11编程练习\5.11编程练习.vcxproj", "{2DD2B1B0-2F06-4AC9-928A-2F77B856BF8A}"
EndProject
Project("{8BC9CEB8-8B4A-11D0-8D11-00A0C91BC942}") = "5.11_2（未实现何时退出）", "5.11_2\5.11_2.vcxproj", "{E8C7C6ED-71B3-457B-A560-EA72E35FAF0F}"
EndProject
Project("{8BC9CEB8-8B4A-11D0-8D11-00A0C91BC942}") = "5.11_3", "5.11_3\5.11_3.vcxproj", "{A9A6C344-BC6D-45A1-BDDF-AF619E86618F}"
EndProject
Project("{8BC9CEB8-8B4A-11D0-8D11-00A0C91BC942}") = "5.11_4", "5.11_4\5.11_4.vcxproj", "{E6BBADF5-660F-4629-8FCC-3192971DEC3C}"
EndProject
Project("{8BC9CEB8-8B4A-11D0-8D11-00A0C91BC942}") = "5.11_5", "5.11_5\5.11_5.vcxproj", "{63B9B197-F788-4F2B-AAE8-103B23B4B467}"
EndProject
Project("{8BC9CEB8-8B4A-11D0-8D11-00A0C91BC942}") = "5.11_6", "5.11_6\5.11_6.vcxproj", "{DF8536ED-D199-455F-B419-C4C5F665A2F5}"
EndProject
Project("{8BC9CEB8-8B4A-11D0-8D11-00A0C91BC942}") = "5.11_7", "5.11_7\5.11_7.vcxproj", "{D05029FE-76B4-44F1-977B-96E00DAA8849}"
EndProject
Project("{8BC9CEB8-8B4A-11D0-8D11-00A0C91BC942}") = "5.11_8", "5.11_8\5.11_8.vcxproj", "{32BF1081-5292-4458-9236-76D59FAA5A68}"
EndProject
Project("{8BC9CEB8-8B4A-11D0-8D11-00A0C91BC942}") = "5.11_9", "5.11_9\5.11_9.vcxproj", "{CAF37903-6123-4049-8788-54C8015E7193}"
EndProject
Global
	GlobalSection(SolutionConfigurationPlatforms) = preSolution
		Debug|x64 = Debug|x64
		Debug|x86 = Debug|x86
		Release|x64 = Release|x64
		Release|x86 = Release|x86
	EndGlobalSection
	GlobalSection(ProjectConfigurationPlatforms) = postSolution
		{2DD2B1B0-2F06-4AC9-928A-2F77B856BF8A}.Debug|x64.ActiveCfg = Debug|x64
		{2DD2B1B0-2F06-4AC9-928A-2F77B856BF8A}.Debug|x64.Build.0 = Debug|x64
		{2DD2B1B0-2F06-4AC9-928A-2F77B856BF8A}.Debug|x86.ActiveCfg = Debug|Win32
		{2DD2B1B0-2F06-4AC9-928A-2F77B856BF8A}.Debug|x86.Build.0 = Debug|Win32
		{2DD2B1B0-2F06-4AC9-928A-2F77B856BF8A}.Release|x64.ActiveCfg = Release|x64
		{2DD2B1B0-2F06-4AC9-928A-2F77B856BF8A}.Release|x64.Build.0 = Release|x64
		{2DD2B1B0-2F06-4AC9-928A-2F77B856BF8A}.Release|x86.ActiveCfg = Release|Win32
		{2DD2B1B0-2F06-4AC9-928A-2F77B856BF8A}.Release|x86.Build.0 = Release|Win32
		{E8C7C6ED-71B3-457B-A560-EA72E35FAF0F}.Debug|x64.ActiveCfg = Debug|x64
		{E8C7C6ED-71B3-457B-A560-EA72E35FAF0F}.Debug|x64.Build.0 = Debug|x64
		{E8C7C6ED-71B3-457B-A560-EA72E35FAF0F}.Debug|x86.ActiveCfg = Debug|Win32
		{E8C7C6ED-71B3-457B-A560-EA72E35FAF0F}.Debug|x86.Build.0 = Debug|Win32
		{E8C7C6ED-71B3-457B-A560-EA72E35FAF0F}.Release|x64.ActiveCfg = Release|x64
		{E8C7C6ED-71B3-457B-A560-EA72E35FAF0F}.Release|x64.Build.0 = Release|x64
		{E8C7C6ED-71B3-457B-A560-EA72E35FAF0F}.Release|x86.ActiveCfg = Release|Win32
		{E8C7C6ED-71B3-457B-A560-EA72E35FAF0F}.Release|x86.Build.0 = Release|Win32
		{A9A6C344-BC6D-45A1-BDDF-AF619E86618F}.Debug|x64.ActiveCfg = Debug|x64
		{A9A6C344-BC6D-45A1-BDDF-AF619E86618F}.Debug|x64.Build.0 = Debug|x64
		{A9A6C344-BC6D-45A1-BDDF-AF619E86618F}.Debug|x86.ActiveCfg = Debug|Win32
		{A9A6C344-BC6D-45A1-BDDF-AF619E86618F}.Debug|x86.Build.0 = Debug|Win32
		{A9A6C344-BC6D-45A1-BDDF-AF619E86618F}.Release|x64.ActiveCfg = Release|x64
		{A9A6C344-BC6D-45A1-BDDF-AF619E86618F}.Release|x64.Build.0 = Release|x64
		{A9A6C344-BC6D-45A1-BDDF-AF619E86618F}.Release|x86.ActiveCfg = Release|Win32
		{A9A6C344-BC6D-45A1-BDDF-AF619E86618F}.Release|x86.Build.0 = Release|Win32
		{E6BBADF5-660F-4629-8FCC-3192971DEC3C}.Debug|x64.ActiveCfg = Debug|x64
		{E6BBADF5-660F-4629-8FCC-3192971DEC3C}.Debug|x64.Build.0 = Debug|x64
		{E6BBADF5-660F-4629-8FCC-3192971DEC3C}.Debug|x86.ActiveCfg = Debug|Win32
		{E6BBADF5-660F-4629-8FCC-3192971DEC3C}.Debug|x86.Build.0 = Debug|Win32
		{E6BBADF5-660F-4629-8FCC-3192971DEC3C}.Release|x64.ActiveCfg = Release|x64
		{E6BBADF5-660F-4629-8FCC-3192971DEC3C}.Release|x64.Build.0 = Release|x64
		{E6BBADF5-660F-4629-8FCC-3192971DEC3C}.Release|x86.ActiveCfg = Release|Win32
		{E6BBADF5-660F-4629-8FCC-3192971DEC3C}.Release|x86.Build.0 = Release|Win32
		{63B9B197-F788-4F2B-AAE8-103B23B4B467}.Debug|x64.ActiveCfg = Debug|x64
		{63B9B197-F788-4F2B-AAE8-103B23B4B467}.Debug|x64.Build.0 = Debug|x64
		{63B9B197-F788-4F2B-AAE8-103B23B4B467}.Debug|x86.ActiveCfg = Debug|Win32
		{63B9B197-F788-4F2B-AAE8-103B23B4B467}.Debug|x86.Build.0 = Debug|Win32
		{63B9B197-F788-4F2B-AAE8-103B23B4B467}.Release|x64.ActiveCfg = Release|x64
		{63B9B197-F788-4F2B-AAE8-103B23B4B467}.Release|x64.Build.0 = Release|x64
		{63B9B197-F788-4F2B-AAE8-103B23B4B467}.Release|x86.ActiveCfg = Release|Win32
		{63B9B197-F788-4F2B-AAE8-103B23B4B467}.Release|x86.Build.0 = Release|Win32
		{DF8536ED-D199-455F-B419-C4C5F665A2F5}.Debug|x64.ActiveCfg = Debug|x64
		{DF8536ED-D199-455F-B419-C4C5F665A2F5}.Debug|x64.Build.0 = Debug|x64
		{DF8536ED-D199-455F-B419-C4C5F665A2F5}.Debug|x86.ActiveCfg = Debug|Win32
		{DF8536ED-D199-455F-B419-C4C5F665A2F5}.Debug|x86.Build.0 = Debug|Win32
		{DF8536ED-D199-455F-B419-C4C5F665A2F5}.Release|x64.ActiveCfg = Release|x64
		{DF8536ED-D199-455F-B419-C4C5F665A2F5}.Release|x64.Build.0 = Release|x64
		{DF8536ED-D199-455F-B419-C4C5F665A2F5}.Release|x86.ActiveCfg = Release|Win32
		{DF8536ED-D199-455F-B419-C4C5F665A2F5}.Release|x86.Build.0 = Release|Win32
		{D05029FE-76B4-44F1-977B-96E00DAA8849}.Debug|x64.ActiveCfg = Debug|x64
		{D05029FE-76B4-44F1-977B-96E00DAA8849}.Debug|x64.Build.0 = Debug|x64
		{D05029FE-76B4-44F1-977B-96E00DAA8849}.Debug|x86.ActiveCfg = Debug|Win32
		{D05029FE-76B4-44F1-977B-96E00DAA8849}.Debug|x86.Build.0 = Debug|Win32
		{D05029FE-76B4-44F1-977B-96E00DAA8849}.Release|x64.ActiveCfg = Release|x64
		{D05029FE-76B4-44F1-977B-96E00DAA8849}.Release|x64.Build.0 = Release|x64
		{D05029FE-76B4-44F1-977B-96E00DAA8849}.Release|x86.ActiveCfg = Release|Win32
		{D05029FE-76B4-44F1-977B-96E00DAA8849}.Release|x86.Build.0 = Release|Win32
		{32BF1081-5292-4458-9236-76D59FAA5A68}.Debug|x64.ActiveCfg = Debug|x64
		{32BF1081-5292-4458-9236-76D59FAA5A68}.Debug|x64.Build.0 = Debug|x64
		{32BF1081-5292-4458-9236-76D59FAA5A68}.Debug|x86.ActiveCfg = Debug|Win32
		{32BF1081-5292-4458-9236-76D59FAA5A68}.Debug|x86.Build.0 = Debug|Win32
		{32BF1081-5292-4458-9236-76D59FAA5A68}.Release|x64.ActiveCfg = Release|x64
		{32BF1081-5292-4458-9236-76D59FAA5A68}.Release|x64.Build.0 = Release|x64
		{32BF1081-5292-4458-9236-76D59FAA5A68}.Release|x86.ActiveCfg = Release|Win32
		{32BF1081-5292-4458-9236-76D59FAA5A68}.Release|x86.Build.0 = Release|Win32
		{CAF37903-6123-4049-8788-54C8015E7193}.Debug|x64.ActiveCfg = Debug|x64
		{CAF37903-6123-4049-8788-54C8015E7193}.Debug|x64.Build.0 = Debug|x64
		{CAF37903-6123-4049-8788-54C8015E7193}.Debug|x86.ActiveCfg = Debug|Win32
		{CAF37903-6123-4049-8788-54C8015E7193}.Debug|x86.Build.0 = Debug|Win32
		{CAF37903-6123-4049-8788-54C8015E7193}.Release|x64.ActiveCfg = Release|x64
		{CAF37903-6123-4049-8788-54C8015E7193}.Release|x64.Build.0 = Release|x64
		{CAF37903-6123-4049-8788-54C8015E7193}.Release|x86.ActiveCfg = Release|Win32
		{CAF37903-6123-4049-8788-54C8015E7193}.Release|x86.Build.0 = Release|Win32
	EndGlobalSection
	GlobalSection(SolutionProperties) = preSolution
		HideSolutionNode = FALSE
	EndGlobalSection
	GlobalSection(ExtensibilityGlobals) = postSolution
		SolutionGuid = {3D449A1F-0FA1-48A5-883D-AF0E5A73B144}
	EndGlobalSection
EndGlobal
