
Microsoft Visual Studio Solution File, Format Version 12.00
# Visual Studio 15
VisualStudioVersion = 15.0.28307.421
MinimumVisualStudioVersion = 10.0.40219.1
Project("{8BC9CEB8-8B4A-11D0-8D11-00A0C91BC942}") = "4.8_编程练习_7", "4.8_编程练习_7\4.8_编程练习_7.vcxproj", "{52BDE316-88CB-475F-92F4-1775D3007FC8}"
EndProject
Global
	GlobalSection(SolutionConfigurationPlatforms) = preSolution
		Debug|x64 = Debug|x64
		Debug|x86 = Debug|x86
		Release|x64 = Release|x64
		Release|x86 = Release|x86
	EndGlobalSection
	GlobalSection(ProjectConfigurationPlatforms) = postSolution
		{52BDE316-88CB-475F-92F4-1775D3007FC8}.Debug|x64.ActiveCfg = Debug|x64
		{52BDE316-88CB-475F-92F4-1775D3007FC8}.Debug|x64.Build.0 = Debug|x64
		{52BDE316-88CB-475F-92F4-1775D3007FC8}.Debug|x86.ActiveCfg = Debug|Win32
		{52BDE316-88CB-475F-92F4-1775D3007FC8}.Debug|x86.Build.0 = Debug|Win32
		{52BDE316-88CB-475F-92F4-1775D3007FC8}.Release|x64.ActiveCfg = Release|x64
		{52BDE316-88CB-475F-92F4-1775D3007FC8}.Release|x64.Build.0 = Release|x64
		{52BDE316-88CB-475F-92F4-1775D3007FC8}.Release|x86.ActiveCfg = Release|Win32
		{52BDE316-88CB-475F-92F4-1775D3007FC8}.Release|x86.Build.0 = Release|Win32
	EndGlobalSection
	GlobalSection(SolutionProperties) = preSolution
		HideSolutionNode = FALSE
	EndGlobalSection
	GlobalSection(ExtensibilityGlobals) = postSolution
		SolutionGuid = {9565350E-C2AB-443D-85B1-B84C8F8F7B71}
	EndGlobalSection
EndGlobal
