
Microsoft Visual Studio Solution File, Format Version 12.00
# Visual Studio 15
VisualStudioVersion = 15.0.28307.421
MinimumVisualStudioVersion = 10.0.40219.1
Project("{8BC9CEB8-8B4A-11D0-8D11-00A0C91BC942}") = "4.8编程练习_8", "4.8编程练习_8\4.8编程练习_8.vcxproj", "{86898918-E350-4A63-B257-97D00B76979F}"
EndProject
Global
	GlobalSection(SolutionConfigurationPlatforms) = preSolution
		Debug|x64 = Debug|x64
		Debug|x86 = Debug|x86
		Release|x64 = Release|x64
		Release|x86 = Release|x86
	EndGlobalSection
	GlobalSection(ProjectConfigurationPlatforms) = postSolution
		{86898918-E350-4A63-B257-97D00B76979F}.Debug|x64.ActiveCfg = Debug|x64
		{86898918-E350-4A63-B257-97D00B76979F}.Debug|x64.Build.0 = Debug|x64
		{86898918-E350-4A63-B257-97D00B76979F}.Debug|x86.ActiveCfg = Debug|Win32
		{86898918-E350-4A63-B257-97D00B76979F}.Debug|x86.Build.0 = Debug|Win32
		{86898918-E350-4A63-B257-97D00B76979F}.Release|x64.ActiveCfg = Release|x64
		{86898918-E350-4A63-B257-97D00B76979F}.Release|x64.Build.0 = Release|x64
		{86898918-E350-4A63-B257-97D00B76979F}.Release|x86.ActiveCfg = Release|Win32
		{86898918-E350-4A63-B257-97D00B76979F}.Release|x86.Build.0 = Release|Win32
	EndGlobalSection
	GlobalSection(SolutionProperties) = preSolution
		HideSolutionNode = FALSE
	EndGlobalSection
	GlobalSection(ExtensibilityGlobals) = postSolution
		SolutionGuid = {156D217E-FA3B-4A4D-ADAD-5E8AA0B6FE12}
	EndGlobalSection
EndGlobal
